
Microsoft Visual Studio Solution File, Format Version 10.00
# Visual Studio 2008
Project("{8BC9CEB8-8B4A-11D0-8D11-00A0C91BC942}") = "sdtsxx", "sdtsxx.vcproj", "{935691A3-2769-4643-BDEF-38EF6A0FAEAF}"
EndProject
Global
	GlobalSection(SolutionConfigurationPlatforms) = preSolution
		Debug|Win32 = Debug|Win32
		Release|Win32 = Release|Win32
	EndGlobalSection
	GlobalSection(ProjectConfigurationPlatforms) = postSolution
		{935691A3-2769-4643-BDEF-38EF6A0FAEAF}.Debug|Win32.ActiveCfg = Debug|Win32
		{935691A3-2769-4643-BDEF-38EF6A0FAEAF}.Debug|Win32.Build.0 = Debug|Win32
		{935691A3-2769-4643-BDEF-38EF6A0FAEAF}.Release|Win32.ActiveCfg = Release|Win32
		{935691A3-2769-4643-BDEF-38EF6A0FAEAF}.Release|Win32.Build.0 = Release|Win32
	EndGlobalSection
	GlobalSection(SolutionProperties) = preSolution
		HideSolutionNode = FALSE
	EndGlobalSection
EndGlobal
